
Microsoft Visual Studio Solution File, Format Version 12.00
# Visual Studio Version 17
VisualStudioVersion = 17.5.33627.172
MinimumVisualStudioVersion = 10.0.40219.1
Project("{FAE04EC0-301F-11D3-BF4B-00C04F79EFBC}") = "PowerplantApp", "PowerplantApp\PowerplantApp.csproj", "{E711C337-7FB3-460D-8323-48DB28E32F41}"
EndProject
Global
	GlobalSection(SolutionConfigurationPlatforms) = preSolution
		Debug|Any CPU = Debug|Any CPU
		Release|Any CPU = Release|Any CPU
	EndGlobalSection
	GlobalSection(ProjectConfigurationPlatforms) = postSolution
		{E711C337-7FB3-460D-8323-48DB28E32F41}.Debug|Any CPU.ActiveCfg = Debug|Any CPU
		{E711C337-7FB3-460D-8323-48DB28E32F41}.Debug|Any CPU.Build.0 = Debug|Any CPU
		{E711C337-7FB3-460D-8323-48DB28E32F41}.Release|Any CPU.ActiveCfg = Release|Any CPU
		{E711C337-7FB3-460D-8323-48DB28E32F41}.Release|Any CPU.Build.0 = Release|Any CPU
	EndGlobalSection
	GlobalSection(SolutionProperties) = preSolution
		HideSolutionNode = FALSE
	EndGlobalSection
	GlobalSection(ExtensibilityGlobals) = postSolution
		SolutionGuid = {B8FA7ED7-CDC5-460B-B797-0EA2706BF6EB}
	EndGlobalSection
EndGlobal
